{
  "version": "3",
  "redirects": {
    "https://deno.land/x/simplewebauthn/deno/server.ts": "https://deno.land/x/simplewebauthn@v8.3.5/deno/server.ts"
  },
  "remote": {
    "https://deno.land/std@0.150.0/media_types/_util.ts": "ce9b4fc4ba1c447dafab619055e20fd88236ca6bdd7834a21f98bd193c3fbfa1",
    "https://deno.land/std@0.150.0/media_types/mod.ts": "2d4b6f32a087029272dc59e0a55ae3cc4d1b27b794ccf528e94b1925795b3118",
    "https://deno.land/std@0.150.0/media_types/vendor/mime-db.v1.52.0.ts": "724cee25fa40f1a52d3937d6b4fbbfdd7791ff55e1b7ac08d9319d5632c7f5af",
    "https://deno.land/std@0.206.0/assert/assert.ts": "9a97dad6d98c238938e7540736b826440ad8c1c1e54430ca4c4e623e585607ee",
    "https://deno.land/std@0.206.0/assert/assertion_error.ts": "4d0bde9b374dfbcbe8ac23f54f567b77024fb67dbb1906a852d67fe050d42f56",
    "https://deno.land/std@0.206.0/bytes/concat.ts": "7486275e040222f47a01900f99be659d5e8b1379ffda9a962be135b5ad7f304e",
    "https://deno.land/std@0.206.0/crypto/_fnv/fnv32.ts": "e4649dfdefc5c987ed53c3c25db62db771a06d9d1b9c36d2b5cf0853b8e82153",
    "https://deno.land/std@0.206.0/crypto/_fnv/fnv64.ts": "bfa0e4702061fdb490a14e6bf5f9168a22fb022b307c5723499469bfefca555e",
    "https://deno.land/std@0.206.0/crypto/_fnv/mod.ts": "f956a95f58910f223e420340b7404702ecd429603acd4491fa77af84f746040c",
    "https://deno.land/std@0.206.0/crypto/_fnv/util.ts": "accba12bfd80a352e32a872f87df2a195e75561f1b1304a4cb4f5a4648d288f9",
    "https://deno.land/std@0.206.0/crypto/_wasm/lib/deno_std_wasm_crypto.generated.mjs": "6dd6f8d5061b7805579e954059a01aeec95636aac8fd408feb4352757cde71ae",
    "https://deno.land/std@0.206.0/crypto/_wasm/mod.ts": "c4386f0ee80968faa82079cc21066aba2147bd6ca74ae45f1478fca7dbca804a",
    "https://deno.land/std@0.206.0/crypto/crypto.ts": "58326eb8d076bb59723ad374fe0edaa3101e721d6d818b2f3fb4487fa0ee9e7a",
    "https://deno.land/std@0.206.0/crypto/timing_safe_equal.ts": "f6edc08d702f660b1ab3505b74d53a9d499e34a1351f6ab70f5ce8653fee8fb7",
    "https://deno.land/std@0.206.0/uuid/_common.ts": "cb1441f4df460571fc0919e1c5c217f3e7006189b703caf946604b3f791ae34d",
    "https://deno.land/std@0.206.0/uuid/constants.ts": "0d0e95561343da44adb4a4edbc1f04cef48b0d75288c4d1704f58743f4a50d88",
    "https://deno.land/std@0.206.0/uuid/mod.ts": "5c7ca252dddba1ddf0bca2dc1124328245272650c98251d71996bb9cd8f5a386",
    "https://deno.land/std@0.206.0/uuid/v1.ts": "fe36009afce7ced96e1b5928565e12c5a8eb0df1a2b5063c0a72bda6b75c0de5",
    "https://deno.land/std@0.206.0/uuid/v3.ts": "49bd2a5cd19f043c88777a8daeaa453f96cc586129af78863aa34dadf27d5fd0",
    "https://deno.land/std@0.206.0/uuid/v4.ts": "0f081880c156fd59b9e44e2f84ea0f94a3627e89c224eaf6cc982b53d849f37e",
    "https://deno.land/std@0.206.0/uuid/v5.ts": "a102f716fc8d31b7e7e4376b1e7d6a255c39858bda6e5f672a4bb3cbd67405d0",
    "https://deno.land/x/b64@1.1.27/src/base64.js": "9e10b98e4203d030bc913913a2e4683b4842aff337bc9ec2643a28dfe04b5fc4",
    "https://deno.land/x/cbor@v1.5.2/decode.js": "ab5518450c1cc3d8e3be7a772de8008d2a4f92626630eed6fabd66a25f565526",
    "https://deno.land/x/cbor@v1.5.2/encode.js": "80da1bb1c2936bba0b53e7e0945d73c5a55ed62ea659cf3d785514310b4e3d37",
    "https://deno.land/x/hono@v3.10.1/adapter/deno/serve-static.ts": "ba10cf6aaf39da942b0d49c3b9877ddba69d41d414c6551d890beb1085f58eea",
    "https://deno.land/x/hono@v3.10.1/client/client.ts": "ff340f58041203879972dd368b011ed130c66914f789826610869a90603406bf",
    "https://deno.land/x/hono@v3.10.1/client/index.ts": "3ff4cf246f3543f827a85a2c84d66a025ac350ee927613629bda47e854bfb7ba",
    "https://deno.land/x/hono@v3.10.1/client/types.ts": "52c66cbe74540e1811259a48c30622ac915666196eb978092d166435cbc15213",
    "https://deno.land/x/hono@v3.10.1/client/utils.ts": "053273c002963b549d38268a1b423ac8ca211a8028bdab1ed0b781a62aa5e661",
    "https://deno.land/x/hono@v3.10.1/compose.ts": "e8ab4b345aa367f2dd65f221c9fe829dd885326a613f4215b654f93a4066bb5c",
    "https://deno.land/x/hono@v3.10.1/context.ts": "261cc8b8b1e8f04b98beab1cca6692f317b7dc6d2b75b4f84c982e54cf1db730",
    "https://deno.land/x/hono@v3.10.1/helper/adapter/index.ts": "eea9b4caedbfa3a3b4a020bf46c88c0171a00008cd6c10708cd85a3e39d86e62",
    "https://deno.land/x/hono@v3.10.1/helper/cookie/index.ts": "55ccd20bbd8d9a8bb2ecd998e90845c1d306c19027f54b3d1b89a5be35968b80",
    "https://deno.land/x/hono@v3.10.1/helper/html/index.ts": "aba19e8d29f217c7fffa5719cf606c4e259b540d51296e82bbea3c992e2ecbc6",
    "https://deno.land/x/hono@v3.10.1/hono-base.ts": "cc55e0a4c63a7bdf44df3e804ea4737d5399eeb6606b45d102f8e48c3ff1e925",
    "https://deno.land/x/hono@v3.10.1/hono.ts": "2cc4c292e541463a4d6f83edbcea58048d203e9564ae62ec430a3d466b49a865",
    "https://deno.land/x/hono@v3.10.1/http-exception.ts": "6071df078b5f76d279684d52fe82a590f447a64ffe1b75eb5064d0c8a8d2d676",
    "https://deno.land/x/hono@v3.10.1/jsx/index.ts": "019512d3a9b3897b879e87fa5fb179cd34f3d326f8ff8b93379c2bb707ec168a",
    "https://deno.land/x/hono@v3.10.1/jsx/streaming.ts": "5d03b4d02eaa396c8f0f33c3f6e8c7ed3afb7598283c2d4a7ddea0ada8c212a7",
    "https://deno.land/x/hono@v3.10.1/middleware.ts": "57b2047c4b9d775a052a9c44a3b805802c1d1cb477ab9c4bb6185d27382d1b96",
    "https://deno.land/x/hono@v3.10.1/middleware/basic-auth/index.ts": "5505288ccf9364f56f7be2dfac841543b72e20656e54ac646a1a73a0aa853261",
    "https://deno.land/x/hono@v3.10.1/middleware/bearer-auth/index.ts": "d11fe14e0a3006f6d35c391e455fe20d8ece9561e48b6a5580e4b87dd491cd90",
    "https://deno.land/x/hono@v3.10.1/middleware/cache/index.ts": "9e5d31d33206bb5dba46dde16ed606dd2cb361d75c26b02e02c72bd1fb6fe53e",
    "https://deno.land/x/hono@v3.10.1/middleware/compress/index.ts": "85d315c9a942d7758e5c524dc94b736124646a56752e56c6e4284f3989b4692a",
    "https://deno.land/x/hono@v3.10.1/middleware/cors/index.ts": "d481eba7e05d3448cd326d3dca8b9c7e16ecf0d27a37fd7d700485834123ae5e",
    "https://deno.land/x/hono@v3.10.1/middleware/etag/index.ts": "4ad675e108dc98dccca0e9e35cd903701669a1aea676b8b51266c3b602e4d54c",
    "https://deno.land/x/hono@v3.10.1/middleware/jsx-renderer/index.ts": "5352d6dda872d419ebafbd4d6b408f66ad473fc3d395d82327850c1e786d7344",
    "https://deno.land/x/hono@v3.10.1/middleware/jwt/index.ts": "c6e02a94a3911299d21392b3b1f8710bda7cacf0d60db59c0e2f0d9fa8ff1a70",
    "https://deno.land/x/hono@v3.10.1/middleware/logger/index.ts": "c139f372f482baeffbad68b14bef990e011fe8df578dcee71fb612ffad7fe748",
    "https://deno.land/x/hono@v3.10.1/middleware/powered-by/index.ts": "c36b7a3d1322c6a37f3d1510f7ff04a85aa6cacfac2173e5f1913eb16c3cc869",
    "https://deno.land/x/hono@v3.10.1/middleware/pretty-json/index.ts": "f6967ceecdb42c95ddd5e2e7bc8545d3e8bda111fa659f3f1336b2e6fe6b0bb0",
    "https://deno.land/x/hono@v3.10.1/middleware/secure-headers/index.ts": "d2b8a7978e3d201ead5ac8fd22e3adc9094189aebcba0d9cd51b98773927a5d5",
    "https://deno.land/x/hono@v3.10.1/middleware/timing/index.ts": "d6976a07d9d51a7b26dae1311fe51d0744f7d234498bac3fe024ec7088c0ca47",
    "https://deno.land/x/hono@v3.10.1/mod.ts": "90114a97be9111b348129ad0143e764a64921f60dd03b8f3da529db98a0d3a82",
    "https://deno.land/x/hono@v3.10.1/request.ts": "52330303dd7a3bf4f580fde0463ba608bc4c88a8b7b5edd7c1327064c7cf65ce",
    "https://deno.land/x/hono@v3.10.1/router.ts": "39d573f48baee429810cd583c931dd44274273c30804d538c86967d310ea4ab5",
    "https://deno.land/x/hono@v3.10.1/router/linear-router/index.ts": "8a2a7144c50b1f4a92d9ee99c2c396716af144c868e10608255f969695efccd0",
    "https://deno.land/x/hono@v3.10.1/router/linear-router/router.ts": "bc63e8b5bc1dabc815306d50bebd1bb5877ffa3936ba2ad7550d093c95ee6bd1",
    "https://deno.land/x/hono@v3.10.1/router/pattern-router/index.ts": "304a66c50e243872037ed41c7dd79ed0c89d815e17e172e7ad7cdc4bc07d3383",
    "https://deno.land/x/hono@v3.10.1/router/pattern-router/router.ts": "a9a5a2a182cce8c3ae82139892cc0502be7dd8f579f31e76d0302b19b338e548",
    "https://deno.land/x/hono@v3.10.1/router/reg-exp-router/index.ts": "52755829213941756159b7a963097bafde5cc4fc22b13b1c7c9184dc0512d1db",
    "https://deno.land/x/hono@v3.10.1/router/reg-exp-router/node.ts": "5b3fb80411db04c65df066e69fedb2c8c0844753c2633d703336de84d569252c",
    "https://deno.land/x/hono@v3.10.1/router/reg-exp-router/router.ts": "fbe8917aa24fe25d0208bfa82ce7f49ba0507f9ae158d4d0c177f6a061b0a561",
    "https://deno.land/x/hono@v3.10.1/router/reg-exp-router/trie.ts": "852ce7207e6701e47fa30889a0d2b8bfcd56d8862c97e7bc9831e0a64bd8835f",
    "https://deno.land/x/hono@v3.10.1/router/smart-router/index.ts": "74f9b4fe15ea535900f2b9b048581915f12fe94e531dd2b0032f5610e61c3bef",
    "https://deno.land/x/hono@v3.10.1/router/smart-router/router.ts": "71979c06b32b093960a6e8efc4c185e558f280bff18846b8b1cdc757ade6ff99",
    "https://deno.land/x/hono@v3.10.1/router/trie-router/index.ts": "3eb75e7f71ba81801631b30de6b1f5cefb2c7239c03797e2b2cbab5085911b41",
    "https://deno.land/x/hono@v3.10.1/router/trie-router/node.ts": "3af15fa9c9994a8664a2b7a7c11233504b5bb9d4fcf7bb34cf30d7199052c39f",
    "https://deno.land/x/hono@v3.10.1/router/trie-router/router.ts": "54ced78d35676302c8fcdda4204f7bdf5a7cc907fbf9967c75674b1e394f830d",
    "https://deno.land/x/hono@v3.10.1/types.ts": "edc414a92383f9deb82f5f7a09e95bcf76f6100c23457c27d041986768f5345c",
    "https://deno.land/x/hono@v3.10.1/utils/body.ts": "7a16a6656331a96bcae57642f8d5e3912bd361cbbcc2c0d2157ecc3f218f7a92",
    "https://deno.land/x/hono@v3.10.1/utils/buffer.ts": "9066a973e64498cb262c7e932f47eed525a51677b17f90893862b7279dc0773e",
    "https://deno.land/x/hono@v3.10.1/utils/cookie.ts": "19920ba6756944aae1ad8585c3ddeaa9df479733f59d05359db096f7361e5e4b",
    "https://deno.land/x/hono@v3.10.1/utils/crypto.ts": "bda0e141bbe46d3a4a20f8fbcb6380d473b617123d9fdfa93e4499410b537acc",
    "https://deno.land/x/hono@v3.10.1/utils/encode.ts": "3b7c7d736123b5073542b34321700d4dbf5ff129c138f434bb2144a4d425ee89",
    "https://deno.land/x/hono@v3.10.1/utils/filepath.ts": "18461b055a914d6da85077f453051b516281bb17cf64fa74bf5ef604dc9d2861",
    "https://deno.land/x/hono@v3.10.1/utils/html.ts": "01c1520a4256f899da1954357cf63ae11c348eda141a505f72d7090cf5481aba",
    "https://deno.land/x/hono@v3.10.1/utils/http-status.ts": "e0c4343ea7717c314dc600131e16b636c29d61cfdaf9df93b267258d1729d1a0",
    "https://deno.land/x/hono@v3.10.1/utils/jwt/index.ts": "5e4b82a42eb3603351dfce726cd781ca41cb57437395409d227131aec348d2d5",
    "https://deno.land/x/hono@v3.10.1/utils/jwt/jwt.ts": "02ff7bbf1298ffcc7a40266842f8eac44b6c136453e32d4441e24d0cbfba3a95",
    "https://deno.land/x/hono@v3.10.1/utils/jwt/types.ts": "58ddf908f76ba18d9c62ddfc2d1e40cc2e306bf987409a6169287efa81ce2546",
    "https://deno.land/x/hono@v3.10.1/utils/mime.ts": "0105d2b5e8e91f07acc70f5d06b388313995d62af23c802fcfba251f5a744d95",
    "https://deno.land/x/hono@v3.10.1/utils/stream.ts": "1789dcc73c5b0ede28f83d7d34e47ae432c20e680907cb3275a9c9187f293983",
    "https://deno.land/x/hono@v3.10.1/utils/types.ts": "ddff055e6d35066232efdfbd42c8954e855c04279c27dcd735d929b6b4f319b3",
    "https://deno.land/x/hono@v3.10.1/utils/url.ts": "5fc3307ef3cb2e6f34ec2a03e3d7f2126c6a9f5f0eab677222df3f0e40bd7567",
    "https://deno.land/x/hono@v3.10.1/validator/index.ts": "6c986e8b91dcf857ecc8164a506ae8eea8665792a4ff7215471df669c632ae7c",
    "https://deno.land/x/hono@v3.10.1/validator/validator.ts": "afa5e52495e0996fbba61996736fab5c486590d72d376f809e9f9ff4e0c463e9",
    "https://deno.land/x/simplewebauthn@v8.3.5/deno/server.ts": "d5fb66d4a73c20435f33105dad7f41a02fa156fcfde2efb4a035788cceacbcce",
    "https://deno.land/x/simplewebauthn@v8.3.5/deno/typescript-types.ts": "5274033e93a44852251adeb8edc96353b218e8bacd9b87bef5f561839b7e8873",
    "https://deno.land/x/simplewebauthn@v8.3.5/packages/server/src/authentication/generateAuthenticationOptions.ts": "725838900837deb1065163a52db5b8625675f61e610930b64d1e0448bbd7af42",
    "https://deno.land/x/simplewebauthn@v8.3.5/packages/server/src/authentication/verifyAuthenticationResponse.ts": "abc9cd788348c9868ee1650fc5cdee1335dd575f13cd8d64e1a9f48a95d93c61",
    "https://deno.land/x/simplewebauthn@v8.3.5/packages/server/src/deps.ts": "600e4ec74a5162ab1c1b6ce9ed44b70cff2ab61589bf1ee1b6220406f803debe",
    "https://deno.land/x/simplewebauthn@v8.3.5/packages/server/src/helpers/convertAAGUIDToString.ts": "fe81f111f9e471c70137735136c74655cd3f43571210b9bdb37138aec525239c",
    "https://deno.land/x/simplewebauthn@v8.3.5/packages/server/src/helpers/convertCOSEtoPKCS.ts": "5f5bb74506ebf7adb1f715228ed1b80eba88e164745750815a0022f4057d826e",
    "https://deno.land/x/simplewebauthn@v8.3.5/packages/server/src/helpers/convertCertBufferToPEM.ts": "ba88dfae82dbf0b33a09253f3e36fec4ea4cac3502620a59352fa358263315be",
    "https://deno.land/x/simplewebauthn@v8.3.5/packages/server/src/helpers/convertPEMToBytes.ts": "15703899b7281329714a041c63a2b00ca3595dc9dacfcd6392feca12717cd710",
    "https://deno.land/x/simplewebauthn@v8.3.5/packages/server/src/helpers/convertX509PublicKeyToCOSE.ts": "878811cdc41e83bd8dc1c68c151c0858d68f93eb89456d89221c95b583f9c066",
    "https://deno.land/x/simplewebauthn@v8.3.5/packages/server/src/helpers/cose.ts": "ec3fd62d5037e58d57ab5594780a45d7f4eb9daf2ada0dfbd8f657b7e2b500e5",
    "https://deno.land/x/simplewebauthn@v8.3.5/packages/server/src/helpers/decodeAttestationObject.ts": "bfc47ef24cce4d52a7fcab3c329089be3f4445b79e999696e1d0cd273c45e91c",
    "https://deno.land/x/simplewebauthn@v8.3.5/packages/server/src/helpers/decodeAuthenticatorExtensions.ts": "dcebe88c914888c6bd04ad43b8a655a619d3eceba5af26d015aea634f6504367",
    "https://deno.land/x/simplewebauthn@v8.3.5/packages/server/src/helpers/decodeClientDataJSON.ts": "3269e45463d9c6a53056ce641e656ffdfe1a0947dde30239e7495a75af4ac6cc",
    "https://deno.land/x/simplewebauthn@v8.3.5/packages/server/src/helpers/decodeCredentialPublicKey.ts": "e0fb424a46b2748b42c701a6df12bcfbb9884b9dd68d40d36525f2a9f35f6de6",
    "https://deno.land/x/simplewebauthn@v8.3.5/packages/server/src/helpers/fetch.ts": "b499cef15c269b1a917e50ac6aaabcbedfb560658046c30e75606b9eee650512",
    "https://deno.land/x/simplewebauthn@v8.3.5/packages/server/src/helpers/generateChallenge.ts": "8aa11e3754386df0dc41894f6c51d22f99a84686554c63179e014082a4c4ff1d",
    "https://deno.land/x/simplewebauthn@v8.3.5/packages/server/src/helpers/getCertificateInfo.ts": "c8b15bd1286a22ef8ec5b4738ad87e5d804e9694e96998c1075230cd246424e8",
    "https://deno.land/x/simplewebauthn@v8.3.5/packages/server/src/helpers/index.ts": "cf0fdf489afae6c8180bf29cffba31b8289d070ab94e2e3446d257112947a5dd",
    "https://deno.land/x/simplewebauthn@v8.3.5/packages/server/src/helpers/isCertRevoked.ts": "29c4bbb8df05fb6f8d4401fab22c8f02ec477bd4cc00146a26fbc96e3caac6f7",
    "https://deno.land/x/simplewebauthn@v8.3.5/packages/server/src/helpers/iso/index.ts": "3784b094dbe78301b04a6c1748fd96d1ad1f1e0aa5a9e305178c6dd90f42e9df",
    "https://deno.land/x/simplewebauthn@v8.3.5/packages/server/src/helpers/iso/isoBase64URL.ts": "8c8cafb9efa9d513416ce2b5714e4c9c99322db3c52dd99dec982127c7fc94b5",
    "https://deno.land/x/simplewebauthn@v8.3.5/packages/server/src/helpers/iso/isoCBOR.ts": "1bee7b2c1d4d95f5bc79c9ec540e5c985a10eca0964cf4bbcc13854d4040386a",
    "https://deno.land/x/simplewebauthn@v8.3.5/packages/server/src/helpers/iso/isoCrypto/digest.ts": "d0aadc03f2009e60034b8b6f101b311ee28729abbd4ac15999a5e777f325bf07",
    "https://deno.land/x/simplewebauthn@v8.3.5/packages/server/src/helpers/iso/isoCrypto/getRandomValues.ts": "e9541c19f0fb14fb02254780a53e97c991faa607d7383cafb45bb036d198986e",
    "https://deno.land/x/simplewebauthn@v8.3.5/packages/server/src/helpers/iso/isoCrypto/getWebCrypto.ts": "508977b0ea9a99f74f7914e0edf23a0f194f1594ccfa1ddd678a445d80d5c855",
    "https://deno.land/x/simplewebauthn@v8.3.5/packages/server/src/helpers/iso/isoCrypto/importKey.ts": "9e8454a14a91f0c9bef68877482d644a7f6c007bee858b9c6e901e3a6aa75c42",
    "https://deno.land/x/simplewebauthn@v8.3.5/packages/server/src/helpers/iso/isoCrypto/index.ts": "b150779bfc29c6f034424f083aa6308d6f16de7bcbef89cae504d1cdd0123a11",
    "https://deno.land/x/simplewebauthn@v8.3.5/packages/server/src/helpers/iso/isoCrypto/mapCoseAlgToWebCryptoAlg.ts": "9569ac0fc263a5d817d07b7931db55561b1419ba1d621da4ac569ca4d3c4d7c0",
    "https://deno.land/x/simplewebauthn@v8.3.5/packages/server/src/helpers/iso/isoCrypto/mapCoseAlgToWebCryptoKeyAlgName.ts": "eb73953837c35ecb51b8247f07cb5916ed933afc5e5cccd5a671af00834dd3c3",
    "https://deno.land/x/simplewebauthn@v8.3.5/packages/server/src/helpers/iso/isoCrypto/structs.ts": "608d961cb8c28d28bba55012c8a94d77428a4437606bbd3980882db26ede4d22",
    "https://deno.land/x/simplewebauthn@v8.3.5/packages/server/src/helpers/iso/isoCrypto/unwrapEC2Signature.ts": "f039f482af27bb76bb4033aa07d6d11b77805c8553f9feec956073d8a6bc5534",
    "https://deno.land/x/simplewebauthn@v8.3.5/packages/server/src/helpers/iso/isoCrypto/verify.ts": "935d510566e83dbc7b61611dcfb8a73c8d5dd3fd381a9149ad04448cf456dd3b",
    "https://deno.land/x/simplewebauthn@v8.3.5/packages/server/src/helpers/iso/isoCrypto/verifyEC2.ts": "45ba1516ee8af53e97259e72fdad5cd75d330c4f79155ceb9af3a6046c39ac5d",
    "https://deno.land/x/simplewebauthn@v8.3.5/packages/server/src/helpers/iso/isoCrypto/verifyOKP.ts": "aabd359ddb7fb8c2f5126ba13b17524acb4571c34f2480d7605983d91c63fe91",
    "https://deno.land/x/simplewebauthn@v8.3.5/packages/server/src/helpers/iso/isoCrypto/verifyRSA.ts": "1107437956836e0efced72dc3d7a545e7aff0c7efb0c792cfe3995ec2da78cfd",
    "https://deno.land/x/simplewebauthn@v8.3.5/packages/server/src/helpers/iso/isoUint8Array.ts": "831458ebeeec60baced0b3fb8417f2984f87a514fae6804c9264e3bc203be6de",
    "https://deno.land/x/simplewebauthn@v8.3.5/packages/server/src/helpers/logging.ts": "0d6cc9f2e86ef8dafebb2951520c146fad9cc88163888f3e451a6febe319d7cc",
    "https://deno.land/x/simplewebauthn@v8.3.5/packages/server/src/helpers/mapX509SignatureAlgToCOSEAlg.ts": "3f3fd252841cdca24d9675b01ff7f8ddde1bddaa773d300654f29c01eb596e6b",
    "https://deno.land/x/simplewebauthn@v8.3.5/packages/server/src/helpers/matchExpectedRPID.ts": "cdf33833c239df6d1b4d798d15e9c97f668c8a4fcfc801bf382f4d7e5c1fd6c2",
    "https://deno.land/x/simplewebauthn@v8.3.5/packages/server/src/helpers/parseAuthenticatorData.ts": "cd806ce2c58a8e1a1f21c2785d73bf3043b1bc34dc671ff6a56641015e6f7d43",
    "https://deno.land/x/simplewebauthn@v8.3.5/packages/server/src/helpers/parseBackupFlags.ts": "9947faa40fc6804ccf591889e0256c7cee2f5684198ccf74bf9ce76bddd04cbf",
    "https://deno.land/x/simplewebauthn@v8.3.5/packages/server/src/helpers/toHash.ts": "e376dc4d5843b57dbb00ca13d0957d7c3779441753445e74dd02f78e81c73433",
    "https://deno.land/x/simplewebauthn@v8.3.5/packages/server/src/helpers/validateCertificatePath.ts": "c99e02bff67aae47ba6e4367ae9b5802651cbd96d075a191c2f25f319fa2cd7c",
    "https://deno.land/x/simplewebauthn@v8.3.5/packages/server/src/helpers/verifySignature.ts": "d7c86bbacd88d48c0a4f4c14956940121e8222cab95f058ff74602dc5e613bbf",
    "https://deno.land/x/simplewebauthn@v8.3.5/packages/server/src/index.ts": "a2f3501cc9a8a7dc375bb809b424c0f926d211ba8dde68984200f87d20d6ff9f",
    "https://deno.land/x/simplewebauthn@v8.3.5/packages/server/src/metadata/parseJWT.ts": "8b2232454095d74175e7e8ebd1471e91a70097287175b51ca45cda7c1a00a700",
    "https://deno.land/x/simplewebauthn@v8.3.5/packages/server/src/metadata/verifyAttestationWithMetadata.ts": "b67f5870a58fdf5eac1a7d19b7f766aa184afea531e661815b5db867a93c26ad",
    "https://deno.land/x/simplewebauthn@v8.3.5/packages/server/src/metadata/verifyJWT.ts": "9e8e9109423f57b78668a4cc0240eb704d25719884d8aabfec517ce1e9497507",
    "https://deno.land/x/simplewebauthn@v8.3.5/packages/server/src/registration/generateRegistrationOptions.ts": "c5ab2729054e7b6a6b7c7eb56310c1f74cf79b2539e956c55f97b58484bb7348",
    "https://deno.land/x/simplewebauthn@v8.3.5/packages/server/src/registration/verifications/tpm/constants.ts": "2fe2d47df17d6562fa40a192f69e54ae6603e0502972bdf33d17a66a0d8d7810",
    "https://deno.land/x/simplewebauthn@v8.3.5/packages/server/src/registration/verifications/tpm/parseCertInfo.ts": "4bb59004c0c5ac5a2b77634e5d05913cb8bbadb6085003cacb2ef0acf338324b",
    "https://deno.land/x/simplewebauthn@v8.3.5/packages/server/src/registration/verifications/tpm/parsePubArea.ts": "da01b78133df3336aa183948736a5acea0ac79405566160a01156986bb4f3470",
    "https://deno.land/x/simplewebauthn@v8.3.5/packages/server/src/registration/verifications/tpm/verifyAttestationTPM.ts": "8fb24a42e867803bb1513d4dd8e242f4c525f1a27fb1e6f90d1416ba8c6f4ec2",
    "https://deno.land/x/simplewebauthn@v8.3.5/packages/server/src/registration/verifications/verifyAttestationAndroidKey.ts": "fd7b4a8c543919c2731131a16ed04fe23906502d12e6c1c8dd3bfd270bf54bb7",
    "https://deno.land/x/simplewebauthn@v8.3.5/packages/server/src/registration/verifications/verifyAttestationAndroidSafetyNet.ts": "2a58ccee4d46d23ab2b4aa07715e9f717745492f0e81b38426d0a05353f1d0a6",
    "https://deno.land/x/simplewebauthn@v8.3.5/packages/server/src/registration/verifications/verifyAttestationApple.ts": "423b77664a95e55d2d84805049d2c941d36ad67f28392914b2d930914f3779bb",
    "https://deno.land/x/simplewebauthn@v8.3.5/packages/server/src/registration/verifications/verifyAttestationFIDOU2F.ts": "ae088ac53b781855702c51d97f6c8346e9e0b1252adeab7731fa502f48fb80eb",
    "https://deno.land/x/simplewebauthn@v8.3.5/packages/server/src/registration/verifications/verifyAttestationPacked.ts": "dbcdf4de0ba633db89d04a00070d2a230286e0fc2c6627010340a5d0f2c868ca",
    "https://deno.land/x/simplewebauthn@v8.3.5/packages/server/src/registration/verifyRegistrationResponse.ts": "94e1368fbfd70a1c13576075cd7da357979bd4adedd504a54d79127df0d82bc7",
    "https://deno.land/x/simplewebauthn@v8.3.5/packages/server/src/services/defaultRootCerts/android-key.ts": "3c3d0ef780cb6718178e25c77de5fb2cb6911eb1d91ff9648b7e470de8c0c3af",
    "https://deno.land/x/simplewebauthn@v8.3.5/packages/server/src/services/defaultRootCerts/android-safetynet.ts": "19979981d707f6b1507b87ffc0a5f37dfabcdd10cdb239f0a10c2afbf862099e",
    "https://deno.land/x/simplewebauthn@v8.3.5/packages/server/src/services/defaultRootCerts/apple.ts": "da104fff89ac80b264078ae2c669f28bf122ac68d2a108f731265e2767acabbe",
    "https://deno.land/x/simplewebauthn@v8.3.5/packages/server/src/services/defaultRootCerts/mds.ts": "b20054c27a1f98aff9f3eef6a3fb2e9bd2c3c4e5fab8814800e002bd96e771ff",
    "https://deno.land/x/simplewebauthn@v8.3.5/packages/server/src/services/metadataService.ts": "787e965a8dceb915194bbe9cc1c00b32fd4e0737eba37fc1071017b0c0ad452b",
    "https://deno.land/x/simplewebauthn@v8.3.5/packages/server/src/services/settingsService.ts": "0c26df6d75fb5cf0532027a9463ff25d2d4af4dcc153f9d02f0d5c4b8f9b45f6",
    "https://deno.land/x/simplewebauthn@v8.3.5/packages/typescript-types/src/index.ts": "27470af139d227931ff7dd17b6cc0dd2687cfe5ec33f8c1f3dd08595fc6da16a",
    "https://deno.land/x/xhr@0.3.0/mod.ts": "094aacd627fd9635cd942053bf8032b5223b909858fa9dc8ffa583752ff63b20",
    "https://esm.sh/@peculiar/asn1-android@2.3.6": "8bf60c1328ebb99be7c462ca58915c520d5d61e184e9a2ee0f464db8f5923fd8",
    "https://esm.sh/@peculiar/asn1-ecc@2.3.6": "98b30ba4637bd693751b7c70d8528c99987f57688e92c7594bef9974095146dd",
    "https://esm.sh/@peculiar/asn1-rsa@2.3.6": "885b5a701e76413ffdc7ac02187f4298ce5f1736746af65d4dc3b2cc89103dd3",
    "https://esm.sh/@peculiar/asn1-schema@2.3.6": "17d2e5ad77ee223c66637953cdb877870b8a7fb9e8c177ab1bceeee0dddf0a8b",
    "https://esm.sh/@peculiar/asn1-x509@2.3.6": "67ef3c413d7ab94935ec631c9ed394bdc067010b892f540cbb9ab61db4090d8b",
    "https://esm.sh/cross-fetch@4.0.0": "664e63e4fb071a19c42fcee9373263b95447078f5547ed8b6715449c2f2edce7",
    "https://esm.sh/v134/@peculiar/asn1-android@2.3.6/denonext/asn1-android.mjs": "e93da4e86a5c16d54a63e0aa122ee705b393f2ecbabf3bd4e993d278c9c1ece8",
    "https://esm.sh/v134/@peculiar/asn1-ecc@2.3.6/denonext/asn1-ecc.mjs": "c247977edca41e4e3de9baa4bcd3f54bce37429f67bc60a2545927459429cc93",
    "https://esm.sh/v134/@peculiar/asn1-rsa@2.3.6/denonext/asn1-rsa.mjs": "08f4fafc1df31ade3897153d5098570afa3c9084a8dd08f8b9aa3eb822df1cb6",
    "https://esm.sh/v134/@peculiar/asn1-schema@2.3.6/denonext/asn1-schema.mjs": "766461c7858fc098a99c2ce04af9d8b646ea1baa0e7e080897cb45f447580951",
    "https://esm.sh/v134/@peculiar/asn1-schema@2.3.8/denonext/asn1-schema.mjs": "876c8de75d501044ef88139625733f4db6542eb5c388723027ccb8452575a75c",
    "https://esm.sh/v134/@peculiar/asn1-x509@2.3.6/denonext/asn1-x509.mjs": "98f784d3fd179a0463fb383f18115c69c2c533f4015ab48050b0108001b270e4",
    "https://esm.sh/v134/@peculiar/asn1-x509@2.3.8/denonext/asn1-x509.mjs": "c8ee48f08adf2f11acaabecf6583514822a866cd0433525713e5800171ecab94",
    "https://esm.sh/v134/asn1js@3.0.5/denonext/asn1js.mjs": "f00173a02deda1d1301671d9503855c4f327baad33b32c5c6b5cb2332828d673",
    "https://esm.sh/v134/cross-fetch@4.0.0/denonext/cross-fetch.mjs": "238eae32034ab217cdbef10b812c7357f61ab2730c58207f4cf9135e9dec7a61",
    "https://esm.sh/v134/ipaddr.js@2.1.0/denonext/ipaddr.mjs": "214c1ee845e73e7c51ba673b36e7e6b9c5d8e8fb1fc19443444ad9cec44adf7e",
    "https://esm.sh/v134/pvtsutils@1.3.5/denonext/pvtsutils.mjs": "016782b990e2652a326cf1d8984c2adc4552171da902cc73dc8e12ffdbe3a100",
    "https://esm.sh/v134/pvutils@1.1.3/denonext/pvutils.mjs": "ad156a239ec0f1aa99f123fab44abc292c87d4fd6969d7af264436630457523c",
    "https://esm.sh/v134/tslib@2.6.2/denonext/tslib.mjs": "29782bcd3139f77ec063dc5a9385c0fff4a8d0a23b6765c73d9edeb169a04bf1"
  }
}
